
Microsoft Visual Studio Solution File, Format Version 12.00
# Visual Studio 15
VisualStudioVersion = 15.0.28010.2003
MinimumVisualStudioVersion = 10.0.40219.1
Project("{FAE04EC0-301F-11D3-BF4B-00C04F79EFBC}") = "QuestaoUm", "QuestaoUm\QuestaoUm.csproj", "{AF5DA7A9-145A-466B-B049-6AD885A81B1E}"
EndProject
Project("{FAE04EC0-301F-11D3-BF4B-00C04F79EFBC}") = "QuestaoDois", "Questao2\QuestaoDois.csproj", "{436AFF77-EB96-421D-9FCF-DA5884D8CE6F}"
EndProject
Project("{FAE04EC0-301F-11D3-BF4B-00C04F79EFBC}") = "QuestaoTres", "QuestaoTres\QuestaoTres.csproj", "{E437809D-51D0-4D7D-A6A3-E136E6C97CE4}"
EndProject
Global
	GlobalSection(SolutionConfigurationPlatforms) = preSolution
		Debug|Any CPU = Debug|Any CPU
		Release|Any CPU = Release|Any CPU
	EndGlobalSection
	GlobalSection(ProjectConfigurationPlatforms) = postSolution
		{AF5DA7A9-145A-466B-B049-6AD885A81B1E}.Debug|Any CPU.ActiveCfg = Debug|Any CPU
		{AF5DA7A9-145A-466B-B049-6AD885A81B1E}.Debug|Any CPU.Build.0 = Debug|Any CPU
		{AF5DA7A9-145A-466B-B049-6AD885A81B1E}.Release|Any CPU.ActiveCfg = Release|Any CPU
		{AF5DA7A9-145A-466B-B049-6AD885A81B1E}.Release|Any CPU.Build.0 = Release|Any CPU
		{436AFF77-EB96-421D-9FCF-DA5884D8CE6F}.Debug|Any CPU.ActiveCfg = Debug|Any CPU
		{436AFF77-EB96-421D-9FCF-DA5884D8CE6F}.Debug|Any CPU.Build.0 = Debug|Any CPU
		{436AFF77-EB96-421D-9FCF-DA5884D8CE6F}.Release|Any CPU.ActiveCfg = Release|Any CPU
		{436AFF77-EB96-421D-9FCF-DA5884D8CE6F}.Release|Any CPU.Build.0 = Release|Any CPU
		{E437809D-51D0-4D7D-A6A3-E136E6C97CE4}.Debug|Any CPU.ActiveCfg = Debug|Any CPU
		{E437809D-51D0-4D7D-A6A3-E136E6C97CE4}.Debug|Any CPU.Build.0 = Debug|Any CPU
		{E437809D-51D0-4D7D-A6A3-E136E6C97CE4}.Release|Any CPU.ActiveCfg = Release|Any CPU
		{E437809D-51D0-4D7D-A6A3-E136E6C97CE4}.Release|Any CPU.Build.0 = Release|Any CPU
	EndGlobalSection
	GlobalSection(SolutionProperties) = preSolution
		HideSolutionNode = FALSE
	EndGlobalSection
	GlobalSection(ExtensibilityGlobals) = postSolution
		SolutionGuid = {836EC8B1-315A-4711-8A40-954C5F554577}
	EndGlobalSection
EndGlobal
